{
  "name": "bucket-of-dice-react",
  "lockfileVersion": 2,
  "requires": true,
  "packages": {
    "": {
      "name": "bucket-of-dice-react",
      "dependencies": {
        "lodash": "^4.17.21",
        "react": "^19.0.0",
        "react-dom": "^19.0.0",
        "react-router-dom": "6.29.0",
        "tslib": "^2.3.0"
      }
    },
    "node_modules/@remix-run/router": {
      "version": "1.22.0",
      "resolved": "https://registry.npmjs.org/@remix-run/router/-/router-1.22.0.tgz",
      "integrity": "sha512-MBOl8MeOzpK0HQQQshKB7pABXbmyHizdTpqnrIseTbsv0nAepwC2ENZa1aaBExNQcpLoXmWthhak8SABLzvGPw==",
      "engines": {
        "node": ">=14.0.0"
      }
    },
    "node_modules/lodash": {
      "version": "4.17.21",
      "resolved": "https://registry.npmjs.org/lodash/-/lodash-4.17.21.tgz",
      "integrity": "sha512-v2kDEe57lecTulaDIuNTPy3Ry4gLGJ6Z1O3vE1krgXZNrsQ+LFTGHVxVjcXPs17LhbZVGedAJv8XZ1tvj5FvSg=="
    },
    "node_modules/react": {
      "version": "19.2.0",
      "resolved": "https://registry.npmjs.org/react/-/react-19.2.0.tgz",
      "integrity": "sha512-tmbWg6W31tQLeB5cdIBOicJDJRR2KzXsV7uSK9iNfLWQ5bIZfxuPEHp7M8wiHyHnn0DD1i7w3Zmin0FtkrwoCQ==",
      "engines": {
        "node": ">=0.10.0"
      }
    },
    "node_modules/react-dom": {
      "version": "19.2.0",
      "resolved": "https://registry.npmjs.org/react-dom/-/react-dom-19.2.0.tgz",
      "integrity": "sha512-UlbRu4cAiGaIewkPyiRGJk0imDN2T3JjieT6spoL2UeSf5od4n5LB/mQ4ejmxhCFT1tYe8IvaFulzynWovsEFQ==",
      "dependencies": {
        "scheduler": "^0.27.0"
      },
      "peerDependencies": {
        "react": "^19.2.0"
      }
    },
    "node_modules/react-router": {
      "version": "6.29.0",
      "resolved": "https://registry.npmjs.org/react-router/-/react-router-6.29.0.tgz",
      "integrity": "sha512-DXZJoE0q+KyeVw75Ck6GkPxFak63C4fGqZGNijnWgzB/HzSP1ZfTlBj5COaGWwhrMQ/R8bXiq5Ooy4KG+ReyjQ==",
      "dependencies": {
        "@remix-run/router": "1.22.0"
      },
      "engines": {
        "node": ">=14.0.0"
      },
      "peerDependencies": {
        "react": ">=16.8"
      }
    },
    "node_modules/react-router-dom": {
      "version": "6.29.0",
      "resolved": "https://registry.npmjs.org/react-router-dom/-/react-router-dom-6.29.0.tgz",
      "integrity": "sha512-pkEbJPATRJ2iotK+wUwHfy0xs2T59YPEN8BQxVCPeBZvK7kfPESRc/nyxzdcxR17hXgUPYx2whMwl+eo9cUdnQ==",
      "dependencies": {
        "@remix-run/router": "1.22.0",
        "react-router": "6.29.0"
      },
      "engines": {
        "node": ">=14.0.0"
      },
      "peerDependencies": {
        "react": ">=16.8",
        "react-dom": ">=16.8"
      }
    },
    "node_modules/scheduler": {
      "version": "0.27.0",
      "resolved": "https://registry.npmjs.org/scheduler/-/scheduler-0.27.0.tgz",
      "integrity": "sha512-eNv+WrVbKu1f3vbYJT/xtiF5syA5HPIMtf9IgY/nKg0sWqzAUEvqY/xm7OcZc/qafLx/iO9FgOmeSAp4v5ti/Q=="
    },
    "node_modules/tslib": {
      "version": "2.8.1",
      "resolved": "https://registry.npmjs.org/tslib/-/tslib-2.8.1.tgz",
      "integrity": "sha512-oJFu94HQb+KVduSUQL7wnpmqnfmLsOA/nAh6b6EH0wCEoK0/mPeXU6c3wKDV83MkOuHPRHtSXKKU99IBazS/2w=="
    }
  },
  "dependencies": {
    "@remix-run/router": {
      "version": "1.22.0",
      "resolved": "https://registry.npmjs.org/@remix-run/router/-/router-1.22.0.tgz",
      "integrity": "sha512-MBOl8MeOzpK0HQQQshKB7pABXbmyHizdTpqnrIseTbsv0nAepwC2ENZa1aaBExNQcpLoXmWthhak8SABLzvGPw=="
    },
    "lodash": {
      "version": "4.17.21",
      "resolved": "https://registry.npmjs.org/lodash/-/lodash-4.17.21.tgz",
      "integrity": "sha512-v2kDEe57lecTulaDIuNTPy3Ry4gLGJ6Z1O3vE1krgXZNrsQ+LFTGHVxVjcXPs17LhbZVGedAJv8XZ1tvj5FvSg=="
    },
    "react": {
      "version": "19.2.0",
      "resolved": "https://registry.npmjs.org/react/-/react-19.2.0.tgz",
      "integrity": "sha512-tmbWg6W31tQLeB5cdIBOicJDJRR2KzXsV7uSK9iNfLWQ5bIZfxuPEHp7M8wiHyHnn0DD1i7w3Zmin0FtkrwoCQ=="
    },
    "react-dom": {
      "version": "19.2.0",
      "resolved": "https://registry.npmjs.org/react-dom/-/react-dom-19.2.0.tgz",
      "integrity": "sha512-UlbRu4cAiGaIewkPyiRGJk0imDN2T3JjieT6spoL2UeSf5od4n5LB/mQ4ejmxhCFT1tYe8IvaFulzynWovsEFQ==",
      "requires": {
        "scheduler": "^0.27.0"
      }
    },
    "react-router": {
      "version": "6.29.0",
      "resolved": "https://registry.npmjs.org/react-router/-/react-router-6.29.0.tgz",
      "integrity": "sha512-DXZJoE0q+KyeVw75Ck6GkPxFak63C4fGqZGNijnWgzB/HzSP1ZfTlBj5COaGWwhrMQ/R8bXiq5Ooy4KG+ReyjQ==",
      "requires": {
        "@remix-run/router": "1.22.0"
      }
    },
    "react-router-dom": {
      "version": "6.29.0",
      "resolved": "https://registry.npmjs.org/react-router-dom/-/react-router-dom-6.29.0.tgz",
      "integrity": "sha512-pkEbJPATRJ2iotK+wUwHfy0xs2T59YPEN8BQxVCPeBZvK7kfPESRc/nyxzdcxR17hXgUPYx2whMwl+eo9cUdnQ==",
      "requires": {
        "@remix-run/router": "1.22.0",
        "react-router": "6.29.0"
      }
    },
    "scheduler": {
      "version": "0.27.0",
      "resolved": "https://registry.npmjs.org/scheduler/-/scheduler-0.27.0.tgz",
      "integrity": "sha512-eNv+WrVbKu1f3vbYJT/xtiF5syA5HPIMtf9IgY/nKg0sWqzAUEvqY/xm7OcZc/qafLx/iO9FgOmeSAp4v5ti/Q=="
    },
    "tslib": {
      "version": "2.8.1",
      "resolved": "https://registry.npmjs.org/tslib/-/tslib-2.8.1.tgz",
      "integrity": "sha512-oJFu94HQb+KVduSUQL7wnpmqnfmLsOA/nAh6b6EH0wCEoK0/mPeXU6c3wKDV83MkOuHPRHtSXKKU99IBazS/2w=="
    }
  }
}
